
Microsoft Visual Studio Solution File, Format Version 12.00
# Visual Studio Version 16
VisualStudioVersion = 16.0.29020.237
MinimumVisualStudioVersion = 10.0.40219.1
Project("{FAE04EC0-301F-11D3-BF4B-00C04F79EFBC}") = "YoBruddah (SpamBot)", "testbotworkplsshittything\YoBruddah (SpamBot).csproj", "{7D45EF09-DDFE-456C-9FE5-BAC0A3B680E1}"
EndProject
Global
	GlobalSection(SolutionConfigurationPlatforms) = preSolution
		Debug|Any CPU = Debug|Any CPU
		Release|Any CPU = Release|Any CPU
	EndGlobalSection
	GlobalSection(ProjectConfigurationPlatforms) = postSolution
		{7D45EF09-DDFE-456C-9FE5-BAC0A3B680E1}.Debug|Any CPU.ActiveCfg = Debug|Any CPU
		{7D45EF09-DDFE-456C-9FE5-BAC0A3B680E1}.Debug|Any CPU.Build.0 = Debug|Any CPU
		{7D45EF09-DDFE-456C-9FE5-BAC0A3B680E1}.Release|Any CPU.ActiveCfg = Release|Any CPU
		{7D45EF09-DDFE-456C-9FE5-BAC0A3B680E1}.Release|Any CPU.Build.0 = Release|Any CPU
	EndGlobalSection
	GlobalSection(SolutionProperties) = preSolution
		HideSolutionNode = FALSE
	EndGlobalSection
	GlobalSection(ExtensibilityGlobals) = postSolution
		SolutionGuid = {B6F6B34F-8BF6-41F6-93C4-8412CE32382B}
	EndGlobalSection
EndGlobal
